
Microsoft Visual Studio Solution File, Format Version 12.00
# Visual Studio Version 17
VisualStudioVersion = 17.7.34024.191
MinimumVisualStudioVersion = 10.0.40219.1
Project("{FAE04EC0-301F-11D3-BF4B-00C04F79EFBC}") = "DependencyInversioinPrinciple", "DependencyInversioinPrinciple\DependencyInversioinPrinciple.csproj", "{24B0FDAA-FE4C-4266-A943-3E04D8483691}"
EndProject
Project("{FAE04EC0-301F-11D3-BF4B-00C04F79EFBC}") = "InterfaceSegragationPrinciple", "InterfaceSegragationPrinciple\InterfaceSegragationPrinciple.csproj", "{21FDD1D3-CC6B-4A7F-A02C-1D5B28B36586}"
EndProject
Project("{FAE04EC0-301F-11D3-BF4B-00C04F79EFBC}") = "LiskovSubsititituionPrinciple", "LiskovSubsititituionPrinciple\LiskovSubsititituionPrinciple.csproj", "{FD0E1781-62B7-407E-922D-A1F3E8D24E8F}"
EndProject
Project("{FAE04EC0-301F-11D3-BF4B-00C04F79EFBC}") = "OpenClosedPrinciple", "OpenClosedPrinciple\OpenClosedPrinciple.csproj", "{824F808A-DBE1-4ED3-97B0-E8DA94CDDD51}"
EndProject
Project("{FAE04EC0-301F-11D3-BF4B-00C04F79EFBC}") = "SingleResponsibilityPrinciple", "SingleResponsibilityPrinciple\SingleResponsibilityPrinciple.csproj", "{B0D721D1-ABFC-4EE6-B816-1CDEC1007994}"
EndProject
Global
	GlobalSection(SolutionConfigurationPlatforms) = preSolution
		Debug|Any CPU = Debug|Any CPU
		Release|Any CPU = Release|Any CPU
	EndGlobalSection
	GlobalSection(ProjectConfigurationPlatforms) = postSolution
		{24B0FDAA-FE4C-4266-A943-3E04D8483691}.Debug|Any CPU.ActiveCfg = Debug|Any CPU
		{24B0FDAA-FE4C-4266-A943-3E04D8483691}.Debug|Any CPU.Build.0 = Debug|Any CPU
		{24B0FDAA-FE4C-4266-A943-3E04D8483691}.Release|Any CPU.ActiveCfg = Release|Any CPU
		{24B0FDAA-FE4C-4266-A943-3E04D8483691}.Release|Any CPU.Build.0 = Release|Any CPU
		{21FDD1D3-CC6B-4A7F-A02C-1D5B28B36586}.Debug|Any CPU.ActiveCfg = Debug|Any CPU
		{21FDD1D3-CC6B-4A7F-A02C-1D5B28B36586}.Debug|Any CPU.Build.0 = Debug|Any CPU
		{21FDD1D3-CC6B-4A7F-A02C-1D5B28B36586}.Release|Any CPU.ActiveCfg = Release|Any CPU
		{21FDD1D3-CC6B-4A7F-A02C-1D5B28B36586}.Release|Any CPU.Build.0 = Release|Any CPU
		{FD0E1781-62B7-407E-922D-A1F3E8D24E8F}.Debug|Any CPU.ActiveCfg = Debug|Any CPU
		{FD0E1781-62B7-407E-922D-A1F3E8D24E8F}.Debug|Any CPU.Build.0 = Debug|Any CPU
		{FD0E1781-62B7-407E-922D-A1F3E8D24E8F}.Release|Any CPU.ActiveCfg = Release|Any CPU
		{FD0E1781-62B7-407E-922D-A1F3E8D24E8F}.Release|Any CPU.Build.0 = Release|Any CPU
		{824F808A-DBE1-4ED3-97B0-E8DA94CDDD51}.Debug|Any CPU.ActiveCfg = Debug|Any CPU
		{824F808A-DBE1-4ED3-97B0-E8DA94CDDD51}.Debug|Any CPU.Build.0 = Debug|Any CPU
		{824F808A-DBE1-4ED3-97B0-E8DA94CDDD51}.Release|Any CPU.ActiveCfg = Release|Any CPU
		{824F808A-DBE1-4ED3-97B0-E8DA94CDDD51}.Release|Any CPU.Build.0 = Release|Any CPU
		{B0D721D1-ABFC-4EE6-B816-1CDEC1007994}.Debug|Any CPU.ActiveCfg = Debug|Any CPU
		{B0D721D1-ABFC-4EE6-B816-1CDEC1007994}.Debug|Any CPU.Build.0 = Debug|Any CPU
		{B0D721D1-ABFC-4EE6-B816-1CDEC1007994}.Release|Any CPU.ActiveCfg = Release|Any CPU
		{B0D721D1-ABFC-4EE6-B816-1CDEC1007994}.Release|Any CPU.Build.0 = Release|Any CPU
	EndGlobalSection
	GlobalSection(SolutionProperties) = preSolution
		HideSolutionNode = FALSE
	EndGlobalSection
	GlobalSection(ExtensibilityGlobals) = postSolution
		SolutionGuid = {CEAC70E1-5F90-4C86-8FD1-9FC39BB30811}
	EndGlobalSection
EndGlobal
